
Microsoft Visual Studio Solution File, Format Version 12.00
# Visual Studio Version 17
VisualStudioVersion = 17.13.35931.197 d17.13
MinimumVisualStudioVersion = 10.0.40219.1
Project("{FAE04EC0-301F-11D3-BF4B-00C04F79EFBC}") = "CyberTechKiosk", "CyberTechKiosk.csproj", "{4E7DB448-9A23-4B81-9AC1-6E2ECD85179C}"
EndProject
Global
	GlobalSection(SolutionConfigurationPlatforms) = preSolution
		Debug|Any CPU = Debug|Any CPU
		Release|Any CPU = Release|Any CPU
	EndGlobalSection
	GlobalSection(ProjectConfigurationPlatforms) = postSolution
		{4E7DB448-9A23-4B81-9AC1-6E2ECD85179C}.Debug|Any CPU.ActiveCfg = Debug|Any CPU
		{4E7DB448-9A23-4B81-9AC1-6E2ECD85179C}.Debug|Any CPU.Build.0 = Debug|Any CPU
		{4E7DB448-9A23-4B81-9AC1-6E2ECD85179C}.Release|Any CPU.ActiveCfg = Release|Any CPU
		{4E7DB448-9A23-4B81-9AC1-6E2ECD85179C}.Release|Any CPU.Build.0 = Release|Any CPU
	EndGlobalSection
	GlobalSection(SolutionProperties) = preSolution
		HideSolutionNode = FALSE
	EndGlobalSection
	GlobalSection(ExtensibilityGlobals) = postSolution
		SolutionGuid = {BB44DBDA-493C-441C-82AE-A43C5D47CF72}
	EndGlobalSection
EndGlobal
